
Microsoft Visual Studio Solution File, Format Version 12.00
# Visual Studio Version 16
VisualStudioVersion = 16.0.31729.503
MinimumVisualStudioVersion = 10.0.40219.1
Project("{FAE04EC0-301F-11D3-BF4B-00C04F79EFBC}") = "Animales.UI", "Animales.UI\Animales.UI.csproj", "{CAD4C198-F130-496F-81CF-75D75770C983}"
EndProject
Project("{FAE04EC0-301F-11D3-BF4B-00C04F79EFBC}") = "Animales.Core", "Animales.Core\Animales.Core.csproj", "{3B113903-8BCA-452D-94B9-206CCB435C0F}"
EndProject
Global
	GlobalSection(SolutionConfigurationPlatforms) = preSolution
		Debug|Any CPU = Debug|Any CPU
		Release|Any CPU = Release|Any CPU
	EndGlobalSection
	GlobalSection(ProjectConfigurationPlatforms) = postSolution
		{CAD4C198-F130-496F-81CF-75D75770C983}.Debug|Any CPU.ActiveCfg = Debug|Any CPU
		{CAD4C198-F130-496F-81CF-75D75770C983}.Debug|Any CPU.Build.0 = Debug|Any CPU
		{CAD4C198-F130-496F-81CF-75D75770C983}.Release|Any CPU.ActiveCfg = Release|Any CPU
		{CAD4C198-F130-496F-81CF-75D75770C983}.Release|Any CPU.Build.0 = Release|Any CPU
		{3B113903-8BCA-452D-94B9-206CCB435C0F}.Debug|Any CPU.ActiveCfg = Debug|Any CPU
		{3B113903-8BCA-452D-94B9-206CCB435C0F}.Debug|Any CPU.Build.0 = Debug|Any CPU
		{3B113903-8BCA-452D-94B9-206CCB435C0F}.Release|Any CPU.ActiveCfg = Release|Any CPU
		{3B113903-8BCA-452D-94B9-206CCB435C0F}.Release|Any CPU.Build.0 = Release|Any CPU
	EndGlobalSection
	GlobalSection(SolutionProperties) = preSolution
		HideSolutionNode = FALSE
	EndGlobalSection
	GlobalSection(ExtensibilityGlobals) = postSolution
		SolutionGuid = {37947A41-C147-43DA-9EF6-BB6BC6B92436}
	EndGlobalSection
EndGlobal
